
Microsoft Visual Studio Solution File, Format Version 12.00
# Visual Studio 15
VisualStudioVersion = 15.0.26730.3
MinimumVisualStudioVersion = 10.0.40219.1
Project("{9A19103F-16F7-4668-BE54-9A1E7A4F7556}") = "c0db3rb0t_redditbot", "c0db3rb0t_redditbot\c0db3rb0t_redditbot.csproj", "{483BE40F-F0AA-4F8D-AAD3-52F047EAC961}"
EndProject
Project("{888888A0-9F3D-457C-B088-3A5042F75D52}") = "c0d3rb0t_discordbot", "c0d3rbb0t_discordbot\c0d3rb0t_discordbot.pyproj", "{2ADBBDC3-00A3-40C9-A510-B4ED9C9B2B74}"
EndProject
Global
	GlobalSection(SolutionConfigurationPlatforms) = preSolution
		Debug|Any CPU = Debug|Any CPU
		Release|Any CPU = Release|Any CPU
	EndGlobalSection
	GlobalSection(ProjectConfigurationPlatforms) = postSolution
		{483BE40F-F0AA-4F8D-AAD3-52F047EAC961}.Debug|Any CPU.ActiveCfg = Debug|Any CPU
		{483BE40F-F0AA-4F8D-AAD3-52F047EAC961}.Debug|Any CPU.Build.0 = Debug|Any CPU
		{483BE40F-F0AA-4F8D-AAD3-52F047EAC961}.Release|Any CPU.ActiveCfg = Release|Any CPU
		{483BE40F-F0AA-4F8D-AAD3-52F047EAC961}.Release|Any CPU.Build.0 = Release|Any CPU
		{2ADBBDC3-00A3-40C9-A510-B4ED9C9B2B74}.Debug|Any CPU.ActiveCfg = Debug|Any CPU
		{2ADBBDC3-00A3-40C9-A510-B4ED9C9B2B74}.Release|Any CPU.ActiveCfg = Release|Any CPU
	EndGlobalSection
	GlobalSection(SolutionProperties) = preSolution
		HideSolutionNode = FALSE
	EndGlobalSection
	GlobalSection(ExtensibilityGlobals) = postSolution
		SolutionGuid = {DA6A0FEA-548E-4EE8-8CF7-7ACEF3C1404B}
	EndGlobalSection
EndGlobal
