
Microsoft Visual Studio Solution File, Format Version 12.00
# Visual Studio 15
VisualStudioVersion = 15.0.26430.13
MinimumVisualStudioVersion = 10.0.40219.1
Project("{FAE04EC0-301F-11D3-BF4B-00C04F79EFBC}") = "c0d3rb0t_csharp", "c0d3rb0t_csharp\c0d3rb0t_csharp.csproj", "{4658C7B8-02F7-4551-8366-BAA5D2703D44}"
EndProject
Project("{888888A0-9F3D-457C-B088-3A5042F75D52}") = "c0d3rb0t_python", "c0d3rbb0t_python\c0d3rb0t_python.pyproj", "{2ADBBDC3-00A3-40C9-A510-B4ED9C9B2B74}"
EndProject
Global
	GlobalSection(SolutionConfigurationPlatforms) = preSolution
		Debug|Any CPU = Debug|Any CPU
		Release|Any CPU = Release|Any CPU
	EndGlobalSection
	GlobalSection(ProjectConfigurationPlatforms) = postSolution
		{4658C7B8-02F7-4551-8366-BAA5D2703D44}.Debug|Any CPU.ActiveCfg = Debug|Any CPU
		{4658C7B8-02F7-4551-8366-BAA5D2703D44}.Debug|Any CPU.Build.0 = Debug|Any CPU
		{4658C7B8-02F7-4551-8366-BAA5D2703D44}.Release|Any CPU.ActiveCfg = Release|Any CPU
		{4658C7B8-02F7-4551-8366-BAA5D2703D44}.Release|Any CPU.Build.0 = Release|Any CPU
		{2ADBBDC3-00A3-40C9-A510-B4ED9C9B2B74}.Debug|Any CPU.ActiveCfg = Debug|Any CPU
		{2ADBBDC3-00A3-40C9-A510-B4ED9C9B2B74}.Release|Any CPU.ActiveCfg = Release|Any CPU
	EndGlobalSection
	GlobalSection(SolutionProperties) = preSolution
		HideSolutionNode = FALSE
	EndGlobalSection
EndGlobal
